
Microsoft Visual Studio Solution File, Format Version 12.00
# Visual Studio Version 16
VisualStudioVersion = 16.0.30413.136
MinimumVisualStudioVersion = 10.0.40219.1
Project("{FAE04EC0-301F-11D3-BF4B-00C04F79EFBC}") = "ps2padgui", "ps2padgui\ps2padgui.csproj", "{122CBFC7-4709-409A-95D0-2C023EE6E276}"
	ProjectSection(ProjectDependencies) = postProject
		{AA18EBCF-7E9D-4BC5-8760-E8C6E9A773E5} = {AA18EBCF-7E9D-4BC5-8760-E8C6E9A773E5}
	EndProjectSection
EndProject
Project("{2150E333-8FDC-42A3-9474-1A3956D46DE8}") = "3rdparty", "3rdparty", "{DE21461D-463D-4987-A374-066B4012E70A}"
EndProject
Project("{9A19103F-16F7-4668-BE54-9A1E7A4F7556}") = "ViGEmClient.NET", "3rdparty\ViGEm.NET\ViGEmClient\ViGEmClient.NET.csproj", "{AA18EBCF-7E9D-4BC5-8760-E8C6E9A773E5}"
EndProject
Global
	GlobalSection(SolutionConfigurationPlatforms) = preSolution
		Debug|Any CPU = Debug|Any CPU
		Release|Any CPU = Release|Any CPU
	EndGlobalSection
	GlobalSection(ProjectConfigurationPlatforms) = postSolution
		{122CBFC7-4709-409A-95D0-2C023EE6E276}.Debug|Any CPU.ActiveCfg = Debug|Any CPU
		{122CBFC7-4709-409A-95D0-2C023EE6E276}.Debug|Any CPU.Build.0 = Debug|Any CPU
		{122CBFC7-4709-409A-95D0-2C023EE6E276}.Release|Any CPU.ActiveCfg = Release|Any CPU
		{122CBFC7-4709-409A-95D0-2C023EE6E276}.Release|Any CPU.Build.0 = Release|Any CPU
		{AA18EBCF-7E9D-4BC5-8760-E8C6E9A773E5}.Debug|Any CPU.ActiveCfg = Debug|Any CPU
		{AA18EBCF-7E9D-4BC5-8760-E8C6E9A773E5}.Debug|Any CPU.Build.0 = Debug|Any CPU
		{AA18EBCF-7E9D-4BC5-8760-E8C6E9A773E5}.Release|Any CPU.ActiveCfg = Release|Any CPU
		{AA18EBCF-7E9D-4BC5-8760-E8C6E9A773E5}.Release|Any CPU.Build.0 = Release|Any CPU
	EndGlobalSection
	GlobalSection(SolutionProperties) = preSolution
		HideSolutionNode = FALSE
	EndGlobalSection
	GlobalSection(NestedProjects) = preSolution
		{AA18EBCF-7E9D-4BC5-8760-E8C6E9A773E5} = {DE21461D-463D-4987-A374-066B4012E70A}
	EndGlobalSection
	GlobalSection(ExtensibilityGlobals) = postSolution
		SolutionGuid = {EA6F46D7-4B6E-4F85-8303-2ABBA759D3AB}
	EndGlobalSection
EndGlobal
